
Microsoft Visual Studio Solution File, Format Version 12.00
# Visual Studio Version 16
VisualStudioVersion = 16.0.31105.61
MinimumVisualStudioVersion = 10.0.40219.1
Project("{FAE04EC0-301F-11D3-BF4B-00C04F79EFBC}") = "BinarySearchTree", "BinarySearchTree.csproj", "{334FA4A3-D1F1-4677-A867-8044B4130E43}"
EndProject
Global
	GlobalSection(SolutionConfigurationPlatforms) = preSolution
		Debug|Any CPU = Debug|Any CPU
		Release|Any CPU = Release|Any CPU
	EndGlobalSection
	GlobalSection(ProjectConfigurationPlatforms) = postSolution
		{334FA4A3-D1F1-4677-A867-8044B4130E43}.Debug|Any CPU.ActiveCfg = Debug|Any CPU
		{334FA4A3-D1F1-4677-A867-8044B4130E43}.Debug|Any CPU.Build.0 = Debug|Any CPU
		{334FA4A3-D1F1-4677-A867-8044B4130E43}.Release|Any CPU.ActiveCfg = Release|Any CPU
		{334FA4A3-D1F1-4677-A867-8044B4130E43}.Release|Any CPU.Build.0 = Release|Any CPU
	EndGlobalSection
	GlobalSection(SolutionProperties) = preSolution
		HideSolutionNode = FALSE
	EndGlobalSection
	GlobalSection(ExtensibilityGlobals) = postSolution
		SolutionGuid = {DEA36BA0-54B3-4DAA-81F1-708FE5310FA0}
	EndGlobalSection
EndGlobal
